# This file is automatically @generated by Cargo.
# It is not intended for manual editing.
version = 4

[[package]]
name = "bech32"
version = "0.12.0"
source = "registry+https://github.com/rust-lang/crates.io-index"
checksum = "efbd3e1070bbdf4cd88a75264e18e8a26f7cb5c6949eadf0ceb85fb159cf08f8"

[[package]]
name = "cfg-if"
version = "1.0.4"
source = "registry+https://github.com/rust-lang/crates.io-index"
checksum = "9330f8b2ff13f34540b44e946ef35111825727b38d33286ef986142615121801"

[[package]]
name = "crunchy"
version = "0.2.4"
source = "registry+https://github.com/rust-lang/crates.io-index"
checksum = "460fbee9c2c2f33933d720630a6a0bac33ba7053db5344fac858d4b8952d77d5"

[[package]]
name = "cryptoxide"
version = "0.4.4"
source = "registry+https://github.com/rust-lang/crates.io-index"
checksum = "382ce8820a5bb815055d3553a610e8cb542b2d767bbacea99038afda96cd760d"

[[package]]
name = "cryptoxide"
version = "0.5.1"
source = "registry+https://github.com/rust-lang/crates.io-index"
checksum = "facfae029ec4373769eb4bd936bcf537de1052abaee9f246e667c9443be6aa95"

[[package]]
name = "ed25519-bip32"
version = "0.4.2"
source = "registry+https://github.com/rust-lang/crates.io-index"
checksum = "a9bf77cf581d1a8c5f73c45e6d31aa45cfcb94438310f2f628b07e4727949115"
dependencies = [
 "cryptoxide 0.5.1",
]

[[package]]
name = "enclave"
version = "0.1.0"
dependencies = [
 "bech32",
 "ed25519-bip32",
 "getrandom",
 "pallas-crypto",
 "thiserror",
 "vault-shared",
]

[[package]]
name = "getrandom"
version = "0.4.3"
source = "registry+https://github.com/rust-lang/crates.io-index"
checksum = "300e883d756b2e4ec94e02791f39b04b522276138852cfc41d9fb7e904106099"
dependencies = [
 "cfg-if",
 "libc",
 "r-efi",
 "rand_core",
]

[[package]]
name = "half"
version = "2.7.1"
source = "registry+https://github.com/rust-lang/crates.io-index"
checksum = "6ea2d84b969582b4b1864a92dc5d27cd2b77b622a8d79306834f1be5ba20d84b"
dependencies = [
 "cfg-if",
 "crunchy",
 "zerocopy",
]

[[package]]
name = "hex"
version = "0.4.3"
source = "registry+https://github.com/rust-lang/crates.io-index"
checksum = "7f24254aa9a54b5c858eaee2f5bccdb46aaf0e486a595ed5fd8f86ba55232a70"

[[package]]
name = "libc"
version = "0.2.186"
source = "registry+https://github.com/rust-lang/crates.io-index"
checksum = "68ab91017fe16c622486840e4c83c9a37afeff978bd239b5293d61ece587de66"

[[package]]
name = "minicbor"
version = "0.26.5"
source = "registry+https://github.com/rust-lang/crates.io-index"
checksum = "8a309f581ade7597820083bc275075c4c6986e57e53f8d26f88507cfefc8c987"
dependencies = [
 "half",
 "minicbor-derive",
]

[[package]]
name = "minicbor-derive"
version = "0.16.2"
source = "registry+https://github.com/rust-lang/crates.io-index"
checksum = "a9882ef5c56df184b8ffc107fc6c61e33ee3a654b021961d790a78571bb9d67a"
dependencies = [
 "proc-macro2",
 "quote",
 "syn",
]

[[package]]
name = "pallas-codec"
version = "1.1.0"
source = "registry+https://github.com/rust-lang/crates.io-index"
checksum = "8dc8ec5e664aa50ae954c3e5d7d4887ab2b21cdf016a10422c0b2c97e7558686"
dependencies = [
 "hex",
 "minicbor",
 "serde",
 "thiserror",
]

[[package]]
name = "pallas-crypto"
version = "1.1.0"
source = "registry+https://github.com/rust-lang/crates.io-index"
checksum = "c62f08aa8af671cd4ebb41081b6ea857077b0587ffde16a640bd8f2af0e86b5d"
dependencies = [
 "cryptoxide 0.4.4",
 "hex",
 "pallas-codec",
 "rand_core",
 "serde",
 "thiserror",
]

[[package]]
name = "proc-macro2"
version = "1.0.106"
source = "registry+https://github.com/rust-lang/crates.io-index"
checksum = "8fd00f0bb2e90d81d1044c2b32617f68fcb9fa3bb7640c23e9c748e53fb30934"
dependencies = [
 "unicode-ident",
]

[[package]]
name = "quote"
version = "1.0.45"
source = "registry+https://github.com/rust-lang/crates.io-index"
checksum = "41f2619966050689382d2b44f664f4bc593e129785a36d6ee376ddf37259b924"
dependencies = [
 "proc-macro2",
]

[[package]]
name = "r-efi"
version = "6.0.0"
source = "registry+https://github.com/rust-lang/crates.io-index"
checksum = "f8dcc9c7d52a811697d2151c701e0d08956f92b0e24136cf4cf27b57a6a0d9bf"

[[package]]
name = "rand_core"
version = "0.10.1"
source = "registry+https://github.com/rust-lang/crates.io-index"
checksum = "63b8176103e19a2643978565ca18b50549f6101881c443590420e4dc998a3c69"

[[package]]
name = "serde"
version = "1.0.228"
source = "registry+https://github.com/rust-lang/crates.io-index"
checksum = "9a8e94ea7f378bd32cbbd37198a4a91436180c5bb472411e48b5ec2e2124ae9e"
dependencies = [
 "serde_core",
 "serde_derive",
]

[[package]]
name = "serde_core"
version = "1.0.228"
source = "registry+https://github.com/rust-lang/crates.io-index"
checksum = "41d385c7d4ca58e59fc732af25c3983b67ac852c1a25000afe1175de458b67ad"
dependencies = [
 "serde_derive",
]

[[package]]
name = "serde_derive"
version = "1.0.228"
source = "registry+https://github.com/rust-lang/crates.io-index"
checksum = "d540f220d3187173da220f885ab66608367b6574e925011a9353e4badda91d79"
dependencies = [
 "proc-macro2",
 "quote",
 "syn",
]

[[package]]
name = "syn"
version = "2.0.118"
source = "registry+https://github.com/rust-lang/crates.io-index"
checksum = "1b9ae57f904213ebb649ce6895b8a66c66f0203b9319718f69a5612a065b1422"
dependencies = [
 "proc-macro2",
 "quote",
 "unicode-ident",
]

[[package]]
name = "thiserror"
version = "2.0.18"
source = "registry+https://github.com/rust-lang/crates.io-index"
checksum = "4288b5bcbc7920c07a1149a35cf9590a2aa808e0bc1eafaade0b80947865fbc4"
dependencies = [
 "thiserror-impl",
]

[[package]]
name = "thiserror-impl"
version = "2.0.18"
source = "registry+https://github.com/rust-lang/crates.io-index"
checksum = "ebc4ee7f67670e9b64d05fa4253e753e016c6c95ff35b89b7941d6b856dec1d5"
dependencies = [
 "proc-macro2",
 "quote",
 "syn",
]

[[package]]
name = "unicode-ident"
version = "1.0.24"
source = "registry+https://github.com/rust-lang/crates.io-index"
checksum = "e6e4313cd5fcd3dad5cafa179702e2b244f760991f45397d14d4ebf38247da75"

[[package]]
name = "vault-shared"
version = "0.1.0"
dependencies = [
 "bech32",
 "ed25519-bip32",
 "pallas-crypto",
 "thiserror",
]

[[package]]
name = "zerocopy"
version = "0.8.52"
source = "registry+https://github.com/rust-lang/crates.io-index"
checksum = "ce1022995ff5ff5d841ad7d994facc23098cd40152f2c1d11cd607c6f530653f"
dependencies = [
 "zerocopy-derive",
]

[[package]]
name = "zerocopy-derive"
version = "0.8.52"
source = "registry+https://github.com/rust-lang/crates.io-index"
checksum = "1ae7f38b72ec2a254e2b87ef277cf2cd4fb97cbebf944faa6f33354da0867930"
dependencies = [
 "proc-macro2",
 "quote",
 "syn",
]
